// !$*UTF8*$!
{
	archiveVersion = 1;
	classes = {
	};
	objectVersion = 50;
	objects = {

/* Begin PBXBuildFile section */
		4E0C5079275DDA9C009B0EEC /* AppDelegate.swift in Sources */ = {isa = PBXBuildFile; fileRef = 4E0C5078275DDA9C009B0EEC /* AppDelegate.swift */; };
		4E0C507B275DDA9C009B0EEC /* SceneDelegate.swift in Sources */ = {isa = PBXBuildFile; fileRef = 4E0C507A275DDA9C009B0EEC /* SceneDelegate.swift */; };
		4E0C5080275DDA9C009B0EEC /* Main.storyboard in Resources */ = {isa = PBXBuildFile; fileRef = 4E0C507E275DDA9C009B0EEC /* Main.storyboard */; };
		4E0C5082275DDA9D009B0EEC /* Assets.xcassets in Resources */ = {isa = PBXBuildFile; fileRef = 4E0C5081275DDA9D009B0EEC /* Assets.xcassets */; };
		4E0C5085275DDA9D009B0EEC /* LaunchScreen.storyboard in Resources */ = {isa = PBXBuildFile; fileRef = 4E0C5083275DDA9D009B0EEC /* LaunchScreen.storyboard */; };
		4E0C5094275DDD80009B0EEC /* MainTableViewController.swift in Sources */ = {isa = PBXBuildFile; fileRef = 4E0C5093275DDD80009B0EEC /* MainTableViewController.swift */; };
		4E0C5097275DDDD3009B0EEC /* MainTableViewCell.swift in Sources */ = {isa = PBXBuildFile; fileRef = 4E0C5096275DDDD3009B0EEC /* MainTableViewCell.swift */; };
		4E0C509A275DE047009B0EEC /* Scene.swift in Sources */ = {isa = PBXBuildFile; fileRef = 4E0C5099275DE047009B0EEC /* Scene.swift */; };
		4E0C509E275DE543009B0EEC /* DiffableDataSource.swift in Sources */ = {isa = PBXBuildFile; fileRef = 4E0C509D275DE543009B0EEC /* DiffableDataSource.swift */; };
		4E1251F42782B4900084E631 /* WeatherForecastData.swift in Sources */ = {isa = PBXBuildFile; fileRef = 4E1251F32782B4900084E631 /* WeatherForecastData.swift */; };
		4E1251F92782D3AD0084E631 /* weathernewViewController.swift in Sources */ = {isa = PBXBuildFile; fileRef = 4E1251F82782D3AD0084E631 /* weathernewViewController.swift */; };
		4E13A7102779727300B59115 /* RoundTextField.swift in Sources */ = {isa = PBXBuildFile; fileRef = 4E13A70F2779727300B59115 /* RoundTextField.swift */; };
		4E13A7142779959C00B59115 /* PageViewController.swift in Sources */ = {isa = PBXBuildFile; fileRef = 4E13A7132779959C00B59115 /* PageViewController.swift */; };
		4E13A71727799E7400B59115 /* ContentViewController.swift in Sources */ = {isa = PBXBuildFile; fileRef = 4E13A71627799E7400B59115 /* ContentViewController.swift */; };
		4E299A842770559C0058BE3A /* TextViewCell.swift in Sources */ = {isa = PBXBuildFile; fileRef = 4E299A832770559C0058BE3A /* TextViewCell.swift */; };
		4E299A87277055C70058BE3A /* TextTwoViewCell.swift in Sources */ = {isa = PBXBuildFile; fileRef = 4E299A86277055C70058BE3A /* TextTwoViewCell.swift */; };
		4EF937D127672A4E00F8A9DE /* MapViewController.swift in Sources */ = {isa = PBXBuildFile; fileRef = 4EF937D027672A4E00F8A9DE /* MapViewController.swift */; };
		4EF93811276730E100F8A9DE /* DetailHeaderView.swift in Sources */ = {isa = PBXBuildFile; fileRef = 4EF93810276730E100F8A9DE /* DetailHeaderView.swift */; };
		4EF938152767311100F8A9DE /* NewSceneController.swift in Sources */ = {isa = PBXBuildFile; fileRef = 4EF938142767311100F8A9DE /* NewSceneController.swift */; };
		4EF9381D276732D300F8A9DE /* DetailViewController.swift in Sources */ = {isa = PBXBuildFile; fileRef = 4EF9381C276732D300F8A9DE /* DetailViewController.swift */; };
		4EF93877276737F000F8A9DE /* Attractions.xcdatamodeld in Sources */ = {isa = PBXBuildFile; fileRef = 4EF93875276737F000F8A9DE /* Attractions.xcdatamodeld */; };
/* End PBXBuildFile section */

/* Begin PBXFileReference section */
		4E0C5075275DDA9C009B0EEC /* Attractions Taiwan.app */ = {isa = PBXFileReference; explicitFileType = wrapper.application; includeInIndex = 0; path = "Attractions Taiwan.app"; sourceTree = BUILT_PRODUCTS_DIR; };
		4E0C5078275DDA9C009B0EEC /* AppDelegate.swift */ = {isa = PBXFileReference; lastKnownFileType = sourcecode.swift; path = AppDelegate.swift; sourceTree = "<group>"; };
		4E0C507A275DDA9C009B0EEC /* SceneDelegate.swift */ = {isa = PBXFileReference; lastKnownFileType = sourcecode.swift; path = SceneDelegate.swift; sourceTree = "<group>"; };
		4E0C507F275DDA9C009B0EEC /* Base */ = {isa = PBXFileReference; lastKnownFileType = file.storyboard; name = Base; path = Base.lproj/Main.storyboard; sourceTree = "<group>"; };
		4E0C5081275DDA9D009B0EEC /* Assets.xcassets */ = {isa = PBXFileReference; lastKnownFileType = folder.assetcatalog; path = Assets.xcassets; sourceTree = "<group>"; };
		4E0C5084275DDA9D009B0EEC /* Base */ = {isa = PBXFileReference; lastKnownFileType = file.storyboard; name = Base; path = Base.lproj/LaunchScreen.storyboard; sourceTree = "<group>"; };
		4E0C5086275DDA9D009B0EEC /* Info.plist */ = {isa = PBXFileReference; lastKnownFileType = text.plist.xml; path = Info.plist; sourceTree = "<group>"; };
		4E0C5093275DDD80009B0EEC /* MainTableViewController.swift */ = {isa = PBXFileReference; lastKnownFileType = sourcecode.swift; path = MainTableViewController.swift; sourceTree = "<group>"; };
		4E0C5096275DDDD3009B0EEC /* MainTableViewCell.swift */ = {isa = PBXFileReference; lastKnownFileType = sourcecode.swift; path = MainTableViewCell.swift; sourceTree = "<group>"; };
		4E0C5099275DE047009B0EEC /* Scene.swift */ = {isa = PBXFileReference; lastKnownFileType = sourcecode.swift; path = Scene.swift; sourceTree = "<group>"; };
		4E0C509D275DE543009B0EEC /* DiffableDataSource.swift */ = {isa = PBXFileReference; lastKnownFileType = sourcecode.swift; path = DiffableDataSource.swift; sourceTree = "<group>"; };
		4E1251F32782B4900084E631 /* WeatherForecastData.swift */ = {isa = PBXFileReference; lastKnownFileType = sourcecode.swift; path = WeatherForecastData.swift; sourceTree = "<group>"; };
		4E1251F82782D3AD0084E631 /* weathernewViewController.swift */ = {isa = PBXFileReference; lastKnownFileType = sourcecode.swift; path = weathernewViewController.swift; sourceTree = "<group>"; };
		4E13A70F2779727300B59115 /* RoundTextField.swift */ = {isa = PBXFileReference; lastKnownFileType = sourcecode.swift; path = RoundTextField.swift; sourceTree = "<group>"; };
		4E13A7132779959C00B59115 /* PageViewController.swift */ = {isa = PBXFileReference; lastKnownFileType = sourcecode.swift; path = PageViewController.swift; sourceTree = "<group>"; };
		4E13A71627799E7400B59115 /* ContentViewController.swift */ = {isa = PBXFileReference; lastKnownFileType = sourcecode.swift; path = ContentViewController.swift; sourceTree = "<group>"; };
		4E299A832770559C0058BE3A /* TextViewCell.swift */ = {isa = PBXFileReference; lastKnownFileType = sourcecode.swift; path = TextViewCell.swift; sourceTree = "<group>"; };
		4E299A86277055C70058BE3A /* TextTwoViewCell.swift */ = {isa = PBXFileReference; lastKnownFileType = sourcecode.swift; path = TextTwoViewCell.swift; sourceTree = "<group>"; };
		4EF937D027672A4E00F8A9DE /* MapViewController.swift */ = {isa = PBXFileReference; lastKnownFileType = sourcecode.swift; path = MapViewController.swift; sourceTree = "<group>"; };
		4EF93810276730E100F8A9DE /* DetailHeaderView.swift */ = {isa = PBXFileReference; lastKnownFileType = sourcecode.swift; path = DetailHeaderView.swift; sourceTree = "<group>"; };
		4EF938142767311100F8A9DE /* NewSceneController.swift */ = {isa = PBXFileReference; lastKnownFileType = sourcecode.swift; path = NewSceneController.swift; sourceTree = "<group>"; };
		4EF9381C276732D300F8A9DE /* DetailViewController.swift */ = {isa = PBXFileReference; lastKnownFileType = sourcecode.swift; path = DetailViewController.swift; sourceTree = "<group>"; };
		4EF93876276737F000F8A9DE /* Attractions.xcdatamodel */ = {isa = PBXFileReference; lastKnownFileType = wrapper.xcdatamodel; path = Attractions.xcdatamodel; sourceTree = "<group>"; };
/* End PBXFileReference section */

/* Begin PBXFrameworksBuildPhase section */
		4E0C5072275DDA9C009B0EEC /* Frameworks */ = {
			isa = PBXFrameworksBuildPhase;
			buildActionMask = 2147483647;
			files = (
			);
			runOnlyForDeploymentPostprocessing = 0;
		};
/* End PBXFrameworksBuildPhase section */

/* Begin PBXGroup section */
		4E0C506C275DDA9C009B0EEC = {
			isa = PBXGroup;
			children = (
				4E0C5077275DDA9C009B0EEC /* Attractions Taiwan */,
				4E0C5076275DDA9C009B0EEC /* Products */,
			);
			sourceTree = "<group>";
		};
		4E0C5076275DDA9C009B0EEC /* Products */ = {
			isa = PBXGroup;
			children = (
				4E0C5075275DDA9C009B0EEC /* Attractions Taiwan.app */,
			);
			name = Products;
			sourceTree = "<group>";
		};
		4E0C5077275DDA9C009B0EEC /* Attractions Taiwan */ = {
			isa = PBXGroup;
			children = (
				4E0C508D275DDB1B009B0EEC /* Controller */,
				4E0C508E275DDB25009B0EEC /* View */,
				4E0C508F275DDB2D009B0EEC /* Model */,
				4E0C507A275DDA9C009B0EEC /* SceneDelegate.swift */,
				4E0C5078275DDA9C009B0EEC /* AppDelegate.swift */,
				4E0C507E275DDA9C009B0EEC /* Main.storyboard */,
				4E0C5081275DDA9D009B0EEC /* Assets.xcassets */,
				4E0C5083275DDA9D009B0EEC /* LaunchScreen.storyboard */,
				4E0C5086275DDA9D009B0EEC /* Info.plist */,
			);
			path = "Attractions Taiwan";
			sourceTree = "<group>";
		};
		4E0C508D275DDB1B009B0EEC /* Controller */ = {
			isa = PBXGroup;
			children = (
				4E0C5093275DDD80009B0EEC /* MainTableViewController.swift */,
				4EF9381C276732D300F8A9DE /* DetailViewController.swift */,
				4E13A7132779959C00B59115 /* PageViewController.swift */,
				4E13A71627799E7400B59115 /* ContentViewController.swift */,
				4EF937D027672A4E00F8A9DE /* MapViewController.swift */,
				4E1251F82782D3AD0084E631 /* weathernewViewController.swift */,
				4EF938142767311100F8A9DE /* NewSceneController.swift */,
			);
			path = Controller;
			sourceTree = "<group>";
		};
		4E0C508E275DDB25009B0EEC /* View */ = {
			isa = PBXGroup;
			children = (
				4E0C5096275DDDD3009B0EEC /* MainTableViewCell.swift */,
				4EF93810276730E100F8A9DE /* DetailHeaderView.swift */,
				4E299A86277055C70058BE3A /* TextTwoViewCell.swift */,
				4E299A832770559C0058BE3A /* TextViewCell.swift */,
				4E13A70F2779727300B59115 /* RoundTextField.swift */,
			);
			path = View;
			sourceTree = "<group>";
		};
		4E0C508F275DDB2D009B0EEC /* Model */ = {
			isa = PBXGroup;
			children = (
				4E0C5099275DE047009B0EEC /* Scene.swift */,
				4E0C509D275DE543009B0EEC /* DiffableDataSource.swift */,
				4EF93875276737F000F8A9DE /* Attractions.xcdatamodeld */,
				4E1251F32782B4900084E631 /* WeatherForecastData.swift */,
			);
			path = Model;
			sourceTree = "<group>";
		};
/* End PBXGroup section */

/* Begin PBXNativeTarget section */
		4E0C5074275DDA9C009B0EEC /* Attractions Taiwan */ = {
			isa = PBXNativeTarget;
			buildConfigurationList = 4E0C5089275DDA9D009B0EEC /* Build configuration list for PBXNativeTarget "Attractions Taiwan" */;
			buildPhases = (
				4E0C5071275DDA9C009B0EEC /* Sources */,
				4E0C5072275DDA9C009B0EEC /* Frameworks */,
				4E0C5073275DDA9C009B0EEC /* Resources */,
			);
			buildRules = (
			);
			dependencies = (
			);
			name = "Attractions Taiwan";
			productName = "Attractions Taiwan";
			productReference = 4E0C5075275DDA9C009B0EEC /* Attractions Taiwan.app */;
			productType = "com.apple.product-type.application";
		};
/* End PBXNativeTarget section */

/* Begin PBXProject section */
		4E0C506D275DDA9C009B0EEC /* Project object */ = {
			isa = PBXProject;
			attributes = {
				LastSwiftUpdateCheck = 1240;
				LastUpgradeCheck = 1240;
				TargetAttributes = {
					4E0C5074275DDA9C009B0EEC = {
						CreatedOnToolsVersion = 12.4;
					};
				};
			};
			buildConfigurationList = 4E0C5070275DDA9C009B0EEC /* Build configuration list for PBXProject "Attractions Taiwan" */;
			compatibilityVersion = "Xcode 9.3";
			developmentRegion = en;
			hasScannedForEncodings = 0;
			knownRegions = (
				en,
				Base,
			);
			mainGroup = 4E0C506C275DDA9C009B0EEC;
			productRefGroup = 4E0C5076275DDA9C009B0EEC /* Products */;
			projectDirPath = "";
			projectRoot = "";
			targets = (
				4E0C5074275DDA9C009B0EEC /* Attractions Taiwan */,
			);
		};
/* End PBXProject section */

/* Begin PBXResourcesBuildPhase section */
		4E0C5073275DDA9C009B0EEC /* Resources */ = {
			isa = PBXResourcesBuildPhase;
			buildActionMask = 2147483647;
			files = (
				4E0C5085275DDA9D009B0EEC /* LaunchScreen.storyboard in Resources */,
				4E0C5082275DDA9D009B0EEC /* Assets.xcassets in Resources */,
				4E0C5080275DDA9C009B0EEC /* Main.storyboard in Resources */,
			);
			runOnlyForDeploymentPostprocessing = 0;
		};
/* End PBXResourcesBuildPhase section */

/* Begin PBXSourcesBuildPhase section */
		4E0C5071275DDA9C009B0EEC /* Sources */ = {
			isa = PBXSourcesBuildPhase;
			buildActionMask = 2147483647;
			files = (
				4EF9381D276732D300F8A9DE /* DetailViewController.swift in Sources */,
				4E0C5079275DDA9C009B0EEC /* AppDelegate.swift in Sources */,
				4E13A71727799E7400B59115 /* ContentViewController.swift in Sources */,
				4E0C509A275DE047009B0EEC /* Scene.swift in Sources */,
				4E299A87277055C70058BE3A /* TextTwoViewCell.swift in Sources */,
				4E0C5094275DDD80009B0EEC /* MainTableViewController.swift in Sources */,
				4EF93877276737F000F8A9DE /* Attractions.xcdatamodeld in Sources */,
				4E1251F42782B4900084E631 /* WeatherForecastData.swift in Sources */,
				4E13A7102779727300B59115 /* RoundTextField.swift in Sources */,
				4EF938152767311100F8A9DE /* NewSceneController.swift in Sources */,
				4E0C5097275DDDD3009B0EEC /* MainTableViewCell.swift in Sources */,
				4E0C507B275DDA9C009B0EEC /* SceneDelegate.swift in Sources */,
				4EF93811276730E100F8A9DE /* DetailHeaderView.swift in Sources */,
				4E1251F92782D3AD0084E631 /* weathernewViewController.swift in Sources */,
				4E0C509E275DE543009B0EEC /* DiffableDataSource.swift in Sources */,
				4EF937D127672A4E00F8A9DE /* MapViewController.swift in Sources */,
				4E299A842770559C0058BE3A /* TextViewCell.swift in Sources */,
				4E13A7142779959C00B59115 /* PageViewController.swift in Sources */,
			);
			runOnlyForDeploymentPostprocessing = 0;
		};
/* End PBXSourcesBuildPhase section */

/* Begin PBXVariantGroup section */
		4E0C507E275DDA9C009B0EEC /* Main.storyboard */ = {
			isa = PBXVariantGroup;
			children = (
				4E0C507F275DDA9C009B0EEC /* Base */,
			);
			name = Main.storyboard;
			sourceTree = "<group>";
		};
		4E0C5083275DDA9D009B0EEC /* LaunchScreen.storyboard */ = {
			isa = PBXVariantGroup;
			children = (
				4E0C5084275DDA9D009B0EEC /* Base */,
			);
			name = LaunchScreen.storyboard;
			sourceTree = "<group>";
		};
/* End PBXVariantGroup section */

/* Begin XCBuildConfiguration section */
		4E0C5087275DDA9D009B0EEC /* Debug */ = {
			isa = XCBuildConfiguration;
			buildSettings = {
				ALWAYS_SEARCH_USER_PATHS = NO;
				CLANG_ANALYZER_NONNULL = YES;
				CLANG_ANALYZER_NUMBER_OBJECT_CONVERSION = YES_AGGRESSIVE;
				CLANG_CXX_LANGUAGE_STANDARD = "gnu++14";
				CLANG_CXX_LIBRARY = "libc++";
				CLANG_ENABLE_MODULES = YES;
				CLANG_ENABLE_OBJC_ARC = YES;
				CLANG_ENABLE_OBJC_WEAK = YES;
				CLANG_WARN_BLOCK_CAPTURE_AUTORELEASING = YES;
				CLANG_WARN_BOOL_CONVERSION = YES;
				CLANG_WARN_COMMA = YES;
				CLANG_WARN_CONSTANT_CONVERSION = YES;
				CLANG_WARN_DEPRECATED_OBJC_IMPLEMENTATIONS = YES;
				CLANG_WARN_DIRECT_OBJC_ISA_USAGE = YES_ERROR;
				CLANG_WARN_DOCUMENTATION_COMMENTS = YES;
				CLANG_WARN_EMPTY_BODY = YES;
				CLANG_WARN_ENUM_CONVERSION = YES;
				CLANG_WARN_INFINITE_RECURSION = YES;
				CLANG_WARN_INT_CONVERSION = YES;
				CLANG_WARN_NON_LITERAL_NULL_CONVERSION = YES;
				CLANG_WARN_OBJC_IMPLICIT_RETAIN_SELF = YES;
				CLANG_WARN_OBJC_LITERAL_CONVERSION = YES;
				CLANG_WARN_OBJC_ROOT_CLASS = YES_ERROR;
				CLANG_WARN_QUOTED_INCLUDE_IN_FRAMEWORK_HEADER = YES;
				CLANG_WARN_RANGE_LOOP_ANALYSIS = YES;
				CLANG_WARN_STRICT_PROTOTYPES = YES;
				CLANG_WARN_SUSPICIOUS_MOVE = YES;
				CLANG_WARN_UNGUARDED_AVAILABILITY = YES_AGGRESSIVE;
				CLANG_WARN_UNREACHABLE_CODE = YES;
				CLANG_WARN__DUPLICATE_METHOD_MATCH = YES;
				COPY_PHASE_STRIP = NO;
				DEBUG_INFORMATION_FORMAT = dwarf;
				ENABLE_STRICT_OBJC_MSGSEND = YES;
				ENABLE_TESTABILITY = YES;
				GCC_C_LANGUAGE_STANDARD = gnu11;
				GCC_DYNAMIC_NO_PIC = NO;
				GCC_NO_COMMON_BLOCKS = YES;
				GCC_OPTIMIZATION_LEVEL = 0;
				GCC_PREPROCESSOR_DEFINITIONS = (
					"DEBUG=1",
					"$(inherited)",
				);
				GCC_WARN_64_TO_32_BIT_CONVERSION = YES;
				GCC_WARN_ABOUT_RETURN_TYPE = YES_ERROR;
				GCC_WARN_UNDECLARED_SELECTOR = YES;
				GCC_WARN_UNINITIALIZED_AUTOS = YES_AGGRESSIVE;
				GCC_WARN_UNUSED_FUNCTION = YES;
				GCC_WARN_UNUSED_VARIABLE = YES;
				IPHONEOS_DEPLOYMENT_TARGET = 14.4;
				MTL_ENABLE_DEBUG_INFO = INCLUDE_SOURCE;
				MTL_FAST_MATH = YES;
				ONLY_ACTIVE_ARCH = YES;
				SDKROOT = iphoneos;
				SWIFT_ACTIVE_COMPILATION_CONDITIONS = DEBUG;
				SWIFT_OPTIMIZATION_LEVEL = "-Onone";
			};
			name = Debug;
		};
		4E0C5088275DDA9D009B0EEC /* Release */ = {
			isa = XCBuildConfiguration;
			buildSettings = {
				ALWAYS_SEARCH_USER_PATHS = NO;
				CLANG_ANALYZER_NONNULL = YES;
				CLANG_ANALYZER_NUMBER_OBJECT_CONVERSION = YES_AGGRESSIVE;
				CLANG_CXX_LANGUAGE_STANDARD = "gnu++14";
				CLANG_CXX_LIBRARY = "libc++";
				CLANG_ENABLE_MODULES = YES;
				CLANG_ENABLE_OBJC_ARC = YES;
				CLANG_ENABLE_OBJC_WEAK = YES;
				CLANG_WARN_BLOCK_CAPTURE_AUTORELEASING = YES;
				CLANG_WARN_BOOL_CONVERSION = YES;
				CLANG_WARN_COMMA = YES;
				CLANG_WARN_CONSTANT_CONVERSION = YES;
				CLANG_WARN_DEPRECATED_OBJC_IMPLEMENTATIONS = YES;
				CLANG_WARN_DIRECT_OBJC_ISA_USAGE = YES_ERROR;
				CLANG_WARN_DOCUMENTATION_COMMENTS = YES;
				CLANG_WARN_EMPTY_BODY = YES;
				CLANG_WARN_ENUM_CONVERSION = YES;
				CLANG_WARN_INFINITE_RECURSION = YES;
				CLANG_WARN_INT_CONVERSION = YES;
				CLANG_WARN_NON_LITERAL_NULL_CONVERSION = YES;
				CLANG_WARN_OBJC_IMPLICIT_RETAIN_SELF = YES;
				CLANG_WARN_OBJC_LITERAL_CONVERSION = YES;
				CLANG_WARN_OBJC_ROOT_CLASS = YES_ERROR;
				CLANG_WARN_QUOTED_INCLUDE_IN_FRAMEWORK_HEADER = YES;
				CLANG_WARN_RANGE_LOOP_ANALYSIS = YES;
				CLANG_WARN_STRICT_PROTOTYPES = YES;
				CLANG_WARN_SUSPICIOUS_MOVE = YES;
				CLANG_WARN_UNGUARDED_AVAILABILITY = YES_AGGRESSIVE;
				CLANG_WARN_UNREACHABLE_CODE = YES;
				CLANG_WARN__DUPLICATE_METHOD_MATCH = YES;
				COPY_PHASE_STRIP = NO;
				DEBUG_INFORMATION_FORMAT = "dwarf-with-dsym";
				ENABLE_NS_ASSERTIONS = NO;
				ENABLE_STRICT_OBJC_MSGSEND = YES;
				GCC_C_LANGUAGE_STANDARD = gnu11;
				GCC_NO_COMMON_BLOCKS = YES;
				GCC_WARN_64_TO_32_BIT_CONVERSION = YES;
				GCC_WARN_ABOUT_RETURN_TYPE = YES_ERROR;
				GCC_WARN_UNDECLARED_SELECTOR = YES;
				GCC_WARN_UNINITIALIZED_AUTOS = YES_AGGRESSIVE;
				GCC_WARN_UNUSED_FUNCTION = YES;
				GCC_WARN_UNUSED_VARIABLE = YES;
				IPHONEOS_DEPLOYMENT_TARGET = 14.4;
				MTL_ENABLE_DEBUG_INFO = NO;
				MTL_FAST_MATH = YES;
				SDKROOT = iphoneos;
				SWIFT_COMPILATION_MODE = wholemodule;
				SWIFT_OPTIMIZATION_LEVEL = "-O";
				VALIDATE_PRODUCT = YES;
			};
			name = Release;
		};
		4E0C508A275DDA9D009B0EEC /* Debug */ = {
			isa = XCBuildConfiguration;
			buildSettings = {
				ASSETCATALOG_COMPILER_APPICON_NAME = AppIcon;
				ASSETCATALOG_COMPILER_GLOBAL_ACCENT_COLOR_NAME = AccentColor;
				CODE_SIGN_STYLE = Automatic;
				INFOPLIST_FILE = "Attractions Taiwan/Info.plist";
				LD_RUNPATH_SEARCH_PATHS = (
					"$(inherited)",
					"@executable_path/Frameworks",
				);
				PRODUCT_BUNDLE_IDENTIFIER = "com.ndhu.Attractions-Taiwan";
				PRODUCT_NAME = "$(TARGET_NAME)";
				SWIFT_VERSION = 5.0;
				TARGETED_DEVICE_FAMILY = "1,2";
			};
			name = Debug;
		};
		4E0C508B275DDA9D009B0EEC /* Release */ = {
			isa = XCBuildConfiguration;
			buildSettings = {
				ASSETCATALOG_COMPILER_APPICON_NAME = AppIcon;
				ASSETCATALOG_COMPILER_GLOBAL_ACCENT_COLOR_NAME = AccentColor;
				CODE_SIGN_STYLE = Automatic;
				INFOPLIST_FILE = "Attractions Taiwan/Info.plist";
				LD_RUNPATH_SEARCH_PATHS = (
					"$(inherited)",
					"@executable_path/Frameworks",
				);
				PRODUCT_BUNDLE_IDENTIFIER = "com.ndhu.Attractions-Taiwan";
				PRODUCT_NAME = "$(TARGET_NAME)";
				SWIFT_VERSION = 5.0;
				TARGETED_DEVICE_FAMILY = "1,2";
			};
			name = Release;
		};
/* End XCBuildConfiguration section */

/* Begin XCConfigurationList section */
		4E0C5070275DDA9C009B0EEC /* Build configuration list for PBXProject "Attractions Taiwan" */ = {
			isa = XCConfigurationList;
			buildConfigurations = (
				4E0C5087275DDA9D009B0EEC /* Debug */,
				4E0C5088275DDA9D009B0EEC /* Release */,
			);
			defaultConfigurationIsVisible = 0;
			defaultConfigurationName = Release;
		};
		4E0C5089275DDA9D009B0EEC /* Build configuration list for PBXNativeTarget "Attractions Taiwan" */ = {
			isa = XCConfigurationList;
			buildConfigurations = (
				4E0C508A275DDA9D009B0EEC /* Debug */,
				4E0C508B275DDA9D009B0EEC /* Release */,
			);
			defaultConfigurationIsVisible = 0;
			defaultConfigurationName = Release;
		};
/* End XCConfigurationList section */

/* Begin XCVersionGroup section */
		4EF93875276737F000F8A9DE /* Attractions.xcdatamodeld */ = {
			isa = XCVersionGroup;
			children = (
				4EF93876276737F000F8A9DE /* Attractions.xcdatamodel */,
			);
			currentVersion = 4EF93876276737F000F8A9DE /* Attractions.xcdatamodel */;
			path = Attractions.xcdatamodeld;
			sourceTree = "<group>";
			versionGroupType = wrapper.xcdatamodel;
		};
/* End XCVersionGroup section */
	};
	rootObject = 4E0C506D275DDA9C009B0EEC /* Project object */;
}
